
Microsoft Visual Studio Solution File, Format Version 12.00
# Visual Studio Version 17
VisualStudioVersion = 17.4.33122.133
MinimumVisualStudioVersion = 10.0.40219.1
Project("{9A19103F-16F7-4668-BE54-9A1E7A4F7556}") = "Movies.Api", "Movies.Api\Movies.Api.csproj", "{8B30C69C-1FD9-435B-825F-9C51AF518E7D}"
EndProject
Project("{9A19103F-16F7-4668-BE54-9A1E7A4F7556}") = "Movies.Application", "Movies.Application\Movies.Application.csproj", "{87BAD5BD-0F82-4C22-AE01-59915DADB9E9}"
EndProject
Project("{9A19103F-16F7-4668-BE54-9A1E7A4F7556}") = "Movies.Core", "Movies.Core\Movies.Core.csproj", "{0E9BAC64-922C-41DF-864E-8F821DF374BF}"
EndProject
Project("{FAE04EC0-301F-11D3-BF4B-00C04F79EFBC}") = "Movies.Infrastructure", "Movie.Infrastructure\Movies.Infrastructure.csproj", "{EF1D9A9F-4D6A-4DA1-B9A2-42EDC26630D8}"
EndProject
Global
	GlobalSection(SolutionConfigurationPlatforms) = preSolution
		Debug|Any CPU = Debug|Any CPU
		Release|Any CPU = Release|Any CPU
	EndGlobalSection
	GlobalSection(ProjectConfigurationPlatforms) = postSolution
		{8B30C69C-1FD9-435B-825F-9C51AF518E7D}.Debug|Any CPU.ActiveCfg = Debug|Any CPU
		{8B30C69C-1FD9-435B-825F-9C51AF518E7D}.Debug|Any CPU.Build.0 = Debug|Any CPU
		{8B30C69C-1FD9-435B-825F-9C51AF518E7D}.Release|Any CPU.ActiveCfg = Release|Any CPU
		{8B30C69C-1FD9-435B-825F-9C51AF518E7D}.Release|Any CPU.Build.0 = Release|Any CPU
		{87BAD5BD-0F82-4C22-AE01-59915DADB9E9}.Debug|Any CPU.ActiveCfg = Debug|Any CPU
		{87BAD5BD-0F82-4C22-AE01-59915DADB9E9}.Debug|Any CPU.Build.0 = Debug|Any CPU
		{87BAD5BD-0F82-4C22-AE01-59915DADB9E9}.Release|Any CPU.ActiveCfg = Release|Any CPU
		{87BAD5BD-0F82-4C22-AE01-59915DADB9E9}.Release|Any CPU.Build.0 = Release|Any CPU
		{0E9BAC64-922C-41DF-864E-8F821DF374BF}.Debug|Any CPU.ActiveCfg = Debug|Any CPU
		{0E9BAC64-922C-41DF-864E-8F821DF374BF}.Debug|Any CPU.Build.0 = Debug|Any CPU
		{0E9BAC64-922C-41DF-864E-8F821DF374BF}.Release|Any CPU.ActiveCfg = Release|Any CPU
		{0E9BAC64-922C-41DF-864E-8F821DF374BF}.Release|Any CPU.Build.0 = Release|Any CPU
		{EF1D9A9F-4D6A-4DA1-B9A2-42EDC26630D8}.Debug|Any CPU.ActiveCfg = Debug|Any CPU
		{EF1D9A9F-4D6A-4DA1-B9A2-42EDC26630D8}.Debug|Any CPU.Build.0 = Debug|Any CPU
		{EF1D9A9F-4D6A-4DA1-B9A2-42EDC26630D8}.Release|Any CPU.ActiveCfg = Release|Any CPU
		{EF1D9A9F-4D6A-4DA1-B9A2-42EDC26630D8}.Release|Any CPU.Build.0 = Release|Any CPU
	EndGlobalSection
	GlobalSection(SolutionProperties) = preSolution
		HideSolutionNode = FALSE
	EndGlobalSection
	GlobalSection(ExtensibilityGlobals) = postSolution
		SolutionGuid = {82F8F54F-B065-452E-84A6-E6367F9E378F}
	EndGlobalSection
EndGlobal
